// !$*UTF8*$!
{
	archiveVersion = 1;
	classes = {
	};
	objectVersion = 56;
	objects = {

/* Begin PBXBuildFile section */
		8540B66E2CCB3B7F0022290C /* toy_biplane_idle.usdz in Resources */ = {isa = PBXBuildFile; fileRef = 8540B66D2CCB3B7F0022290C /* toy_biplane_idle.usdz */; };
		8540B6702CCB3B980022290C /* toy_biplane_idle.scn in Resources */ = {isa = PBXBuildFile; fileRef = 8540B66F2CCB3B980022290C /* toy_biplane_idle.scn */; };
		8540B6722CCB3CDD0022290C /* zy.usdc in Resources */ = {isa = PBXBuildFile; fileRef = 8540B6712CCB3CDD0022290C /* zy.usdc */; };
		8540B6742CCB3D0A0022290C /* zy.scn in Resources */ = {isa = PBXBuildFile; fileRef = 8540B6732CCB3D0A0022290C /* zy.scn */; };
		8540B6762CCB42230022290C /* robot_walk_idle.usdz in Resources */ = {isa = PBXBuildFile; fileRef = 8540B6752CCB42230022290C /* robot_walk_idle.usdz */; };
		8540B6782CCB42360022290C /* robot_walk_idle.scn in Resources */ = {isa = PBXBuildFile; fileRef = 8540B6772CCB42360022290C /* robot_walk_idle.scn */; };
		8540B69A2CCF78070022290C /* ARViewController_SceneKit.swift in Sources */ = {isa = PBXBuildFile; fileRef = 8540B6992CCF78070022290C /* ARViewController_SceneKit.swift */; };
		8540B6B82CCFC26B0022290C /* ClickPoint.swift in Sources */ = {isa = PBXBuildFile; fileRef = 8540B6B72CCFC26B0022290C /* ClickPoint.swift */; };
		8540B6C02CD91F090022290C /* 爆炸图.usdz in Resources */ = {isa = PBXBuildFile; fileRef = 8540B6BF2CD91F090022290C /* 爆炸图.usdz */; };
		8540B6C22CD91F1F0022290C /* Explode_named.scn in Resources */ = {isa = PBXBuildFile; fileRef = 8540B6C12CD91F1F0022290C /* Explode_named.scn */; };
		8540B6C42CD935A20022290C /* Color.swift in Sources */ = {isa = PBXBuildFile; fileRef = 8540B6C32CD935A20022290C /* Color.swift */; };
		8540B6C72CDA08A20022290C /* PopOver.swift in Sources */ = {isa = PBXBuildFile; fileRef = 8540B6C62CDA08A20022290C /* PopOver.swift */; };
		8551EADF2CA90C3E00AF3D1F /* AppDelegate.swift in Sources */ = {isa = PBXBuildFile; fileRef = 8551EADE2CA90C3E00AF3D1F /* AppDelegate.swift */; };
		8551EAE12CA90C3E00AF3D1F /* SceneDelegate.swift in Sources */ = {isa = PBXBuildFile; fileRef = 8551EAE02CA90C3E00AF3D1F /* SceneDelegate.swift */; };
		8551EAE32CA90C3E00AF3D1F /* ViewController.swift in Sources */ = {isa = PBXBuildFile; fileRef = 8551EAE22CA90C3E00AF3D1F /* ViewController.swift */; };
		8551EAE62CA90C3E00AF3D1F /* Base in Resources */ = {isa = PBXBuildFile; fileRef = 8551EAE52CA90C3E00AF3D1F /* Base */; };
		8551EAE82CA90C4000AF3D1F /* Assets.xcassets in Resources */ = {isa = PBXBuildFile; fileRef = 8551EAE72CA90C4000AF3D1F /* Assets.xcassets */; };
		8551EAEB2CA90C4000AF3D1F /* Base in Resources */ = {isa = PBXBuildFile; fileRef = 8551EAEA2CA90C4000AF3D1F /* Base */; };
		8551EAF62CA90C4000AF3D1F /* TSMILE_AR_PluginTests.swift in Sources */ = {isa = PBXBuildFile; fileRef = 8551EAF52CA90C4000AF3D1F /* TSMILE_AR_PluginTests.swift */; };
		8551EB002CA90C4000AF3D1F /* TSMILE_AR_PluginUITests.swift in Sources */ = {isa = PBXBuildFile; fileRef = 8551EAFF2CA90C4000AF3D1F /* TSMILE_AR_PluginUITests.swift */; };
		8551EB022CA90C4000AF3D1F /* TSMILE_AR_PluginUITestsLaunchTests.swift in Sources */ = {isa = PBXBuildFile; fileRef = 8551EB012CA90C4000AF3D1F /* TSMILE_AR_PluginUITestsLaunchTests.swift */; };
		8551EB102CA90C9B00AF3D1F /* apple.usdz in Resources */ = {isa = PBXBuildFile; fileRef = 8551EB0F2CA90C9B00AF3D1F /* apple.usdz */; };
		8551EB122CA90CB900AF3D1F /* HandModel.mlmodel in Sources */ = {isa = PBXBuildFile; fileRef = 8551EB112CA90CB900AF3D1F /* HandModel.mlmodel */; };
		8551EB142CA90CCB00AF3D1F /* ya.usdz in Resources */ = {isa = PBXBuildFile; fileRef = 8551EB132CA90CCB00AF3D1F /* ya.usdz */; };
		8551EB162CA90D7400AF3D1F /* ARViewController_video.swift in Sources */ = {isa = PBXBuildFile; fileRef = 8551EB152CA90D7400AF3D1F /* ARViewController_video.swift */; };
		8551EB182CA9150500AF3D1F /* HandDetector.swift in Sources */ = {isa = PBXBuildFile; fileRef = 8551EB172CA9150500AF3D1F /* HandDetector.swift */; };
		8551EB1D2CB66D2600AF3D1F /* ARViewController_plane.swift in Sources */ = {isa = PBXBuildFile; fileRef = 8551EB1C2CB66D2600AF3D1F /* ARViewController_plane.swift */; };
		8551EB1F2CBACD3F00AF3D1F /* tsmile1.usdz in Resources */ = {isa = PBXBuildFile; fileRef = 8551EB1E2CBACD3F00AF3D1F /* tsmile1.usdz */; };
		85D064742CF00A8C00B8F24D /* zy1118修改.usdz in Resources */ = {isa = PBXBuildFile; fileRef = 85D064732CF00A8C00B8F24D /* zy1118修改.usdz */; };
		85D064762CF00AA600B8F24D /* zy1118修改.scn in Resources */ = {isa = PBXBuildFile; fileRef = 85D064752CF00AA600B8F24D /* zy1118修改.scn */; };
		85D0647E2CF1FC3300B8F24D /* HarmonyOS_Sans_SC_Regular.ttf in Resources */ = {isa = PBXBuildFile; fileRef = 85D064782CF1FC2800B8F24D /* HarmonyOS_Sans_SC_Regular.ttf */; };
		85D0647F2CF1FC3300B8F24D /* HarmonyOS_Sans_SC_Thin.ttf in Resources */ = {isa = PBXBuildFile; fileRef = 85D064792CF1FC2A00B8F24D /* HarmonyOS_Sans_SC_Thin.ttf */; };
		85D064802CF1FC3300B8F24D /* HarmonyOS_Sans_SC_Medium.ttf in Resources */ = {isa = PBXBuildFile; fileRef = 85D0647A2CF1FC2C00B8F24D /* HarmonyOS_Sans_SC_Medium.ttf */; };
		85D064812CF1FC3300B8F24D /* HarmonyOS_Sans_SC_Black.ttf in Resources */ = {isa = PBXBuildFile; fileRef = 85D0647B2CF1FC2E00B8F24D /* HarmonyOS_Sans_SC_Black.ttf */; };
		85D064822CF1FC3300B8F24D /* HarmonyOS_Sans_SC_Bold.ttf in Resources */ = {isa = PBXBuildFile; fileRef = 85D0647C2CF1FC3100B8F24D /* HarmonyOS_Sans_SC_Bold.ttf */; };
		85D064832CF1FC3300B8F24D /* HarmonyOS_Sans_SC_Light.ttf in Resources */ = {isa = PBXBuildFile; fileRef = 85D0647D2CF1FC3300B8F24D /* HarmonyOS_Sans_SC_Light.ttf */; };
		85D064882CF2058300B8F24D /* zy1118修改(1).usdz in Resources */ = {isa = PBXBuildFile; fileRef = 85D064872CF2058300B8F24D /* zy1118修改(1).usdz */; };
		85D0648A2CF205AD00B8F24D /* video_final.scn in Resources */ = {isa = PBXBuildFile; fileRef = 85D064892CF205AD00B8F24D /* video_final.scn */; };
		85F8ACDA2CE352C300C8EE06 /* 动画完整版.usdz in Resources */ = {isa = PBXBuildFile; fileRef = 85F8ACD92CE352C300C8EE06 /* 动画完整版.usdz */; };
		85F8ACDE2CE3570400C8EE06 /* video.scn in Resources */ = {isa = PBXBuildFile; fileRef = 85F8ACDD2CE3570400C8EE06 /* video.scn */; };
		85F8ACE02CE9C7BF00C8EE06 /* BottomBar.swift in Sources */ = {isa = PBXBuildFile; fileRef = 85F8ACDF2CE9C7BF00C8EE06 /* BottomBar.swift */; };
		85F8ACE22CE9D15200C8EE06 /* BottomList.swift in Sources */ = {isa = PBXBuildFile; fileRef = 85F8ACE12CE9D15200C8EE06 /* BottomList.swift */; };
		85F8ACE52CE9EC3700C8EE06 /* ARViewModel.swift in Sources */ = {isa = PBXBuildFile; fileRef = 85F8ACE42CE9EC3700C8EE06 /* ARViewModel.swift */; };
		85F8ACE72CEA16DC00C8EE06 /* BottomContainer.swift in Sources */ = {isa = PBXBuildFile; fileRef = 85F8ACE62CEA16DC00C8EE06 /* BottomContainer.swift */; };
		85F8ACE92CEA465900C8EE06 /* ARContainerViewController.swift in Sources */ = {isa = PBXBuildFile; fileRef = 85F8ACE82CEA465900C8EE06 /* ARContainerViewController.swift */; };
/* End PBXBuildFile section */

/* Begin PBXContainerItemProxy section */
		8551EAF22CA90C4000AF3D1F /* PBXContainerItemProxy */ = {
			isa = PBXContainerItemProxy;
			containerPortal = 8551EAD32CA90C3E00AF3D1F /* Project object */;
			proxyType = 1;
			remoteGlobalIDString = 8551EADA2CA90C3E00AF3D1F;
			remoteInfo = TSMILE_AR_Plugin;
		};
		8551EAFC2CA90C4000AF3D1F /* PBXContainerItemProxy */ = {
			isa = PBXContainerItemProxy;
			containerPortal = 8551EAD32CA90C3E00AF3D1F /* Project object */;
			proxyType = 1;
			remoteGlobalIDString = 8551EADA2CA90C3E00AF3D1F;
			remoteInfo = TSMILE_AR_Plugin;
		};
/* End PBXContainerItemProxy section */

/* Begin PBXFileReference section */
		8540B66D2CCB3B7F0022290C /* toy_biplane_idle.usdz */ = {isa = PBXFileReference; lastKnownFileType = file.usdz; path = toy_biplane_idle.usdz; sourceTree = "<group>"; };
		8540B66F2CCB3B980022290C /* toy_biplane_idle.scn */ = {isa = PBXFileReference; lastKnownFileType = file.bplist; path = toy_biplane_idle.scn; sourceTree = "<group>"; };
		8540B6712CCB3CDD0022290C /* zy.usdc */ = {isa = PBXFileReference; lastKnownFileType = file; path = zy.usdc; sourceTree = "<group>"; };
		8540B6732CCB3D0A0022290C /* zy.scn */ = {isa = PBXFileReference; lastKnownFileType = file.bplist; path = zy.scn; sourceTree = "<group>"; };
		8540B6752CCB42230022290C /* robot_walk_idle.usdz */ = {isa = PBXFileReference; lastKnownFileType = file.usdz; path = robot_walk_idle.usdz; sourceTree = "<group>"; };
		8540B6772CCB42360022290C /* robot_walk_idle.scn */ = {isa = PBXFileReference; lastKnownFileType = file.bplist; path = robot_walk_idle.scn; sourceTree = "<group>"; };
		8540B6992CCF78070022290C /* ARViewController_SceneKit.swift */ = {isa = PBXFileReference; lastKnownFileType = sourcecode.swift; path = ARViewController_SceneKit.swift; sourceTree = "<group>"; };
		8540B6B72CCFC26B0022290C /* ClickPoint.swift */ = {isa = PBXFileReference; lastKnownFileType = sourcecode.swift; path = ClickPoint.swift; sourceTree = "<group>"; };
		8540B6BF2CD91F090022290C /* 爆炸图.usdz */ = {isa = PBXFileReference; lastKnownFileType = file.usdz; name = "爆炸图.usdz"; path = "../../../../../3DModel/牙模型2/爆炸图.usdz"; sourceTree = "<group>"; };
		8540B6C12CD91F1F0022290C /* Explode_named.scn */ = {isa = PBXFileReference; lastKnownFileType = file.bplist; name = Explode_named.scn; path = "../../../../../3DModel/牙模型2/Explode_named.scn"; sourceTree = "<group>"; };
		8540B6C32CD935A20022290C /* Color.swift */ = {isa = PBXFileReference; lastKnownFileType = sourcecode.swift; path = Color.swift; sourceTree = "<group>"; };
		8540B6C62CDA08A20022290C /* PopOver.swift */ = {isa = PBXFileReference; lastKnownFileType = sourcecode.swift; path = PopOver.swift; sourceTree = "<group>"; };
		8551EADB2CA90C3E00AF3D1F /* TSMILE_AR_Plugin.app */ = {isa = PBXFileReference; explicitFileType = wrapper.application; includeInIndex = 0; path = TSMILE_AR_Plugin.app; sourceTree = BUILT_PRODUCTS_DIR; };
		8551EADE2CA90C3E00AF3D1F /* AppDelegate.swift */ = {isa = PBXFileReference; lastKnownFileType = sourcecode.swift; path = AppDelegate.swift; sourceTree = "<group>"; };
		8551EAE02CA90C3E00AF3D1F /* SceneDelegate.swift */ = {isa = PBXFileReference; lastKnownFileType = sourcecode.swift; path = SceneDelegate.swift; sourceTree = "<group>"; };
		8551EAE22CA90C3E00AF3D1F /* ViewController.swift */ = {isa = PBXFileReference; lastKnownFileType = sourcecode.swift; path = ViewController.swift; sourceTree = "<group>"; };
		8551EAE52CA90C3E00AF3D1F /* Base */ = {isa = PBXFileReference; lastKnownFileType = file.storyboard; name = Base; path = Base.lproj/Main.storyboard; sourceTree = "<group>"; };
		8551EAE72CA90C4000AF3D1F /* Assets.xcassets */ = {isa = PBXFileReference; lastKnownFileType = folder.assetcatalog; path = Assets.xcassets; sourceTree = "<group>"; };
		8551EAEA2CA90C4000AF3D1F /* Base */ = {isa = PBXFileReference; lastKnownFileType = file.storyboard; name = Base; path = Base.lproj/LaunchScreen.storyboard; sourceTree = "<group>"; };
		8551EAEC2CA90C4000AF3D1F /* Info.plist */ = {isa = PBXFileReference; lastKnownFileType = text.plist.xml; path = Info.plist; sourceTree = "<group>"; };
		8551EAF12CA90C4000AF3D1F /* TSMILE_AR_PluginTests.xctest */ = {isa = PBXFileReference; explicitFileType = wrapper.cfbundle; includeInIndex = 0; path = TSMILE_AR_PluginTests.xctest; sourceTree = BUILT_PRODUCTS_DIR; };
		8551EAF52CA90C4000AF3D1F /* TSMILE_AR_PluginTests.swift */ = {isa = PBXFileReference; lastKnownFileType = sourcecode.swift; path = TSMILE_AR_PluginTests.swift; sourceTree = "<group>"; };
		8551EAFB2CA90C4000AF3D1F /* TSMILE_AR_PluginUITests.xctest */ = {isa = PBXFileReference; explicitFileType = wrapper.cfbundle; includeInIndex = 0; path = TSMILE_AR_PluginUITests.xctest; sourceTree = BUILT_PRODUCTS_DIR; };
		8551EAFF2CA90C4000AF3D1F /* TSMILE_AR_PluginUITests.swift */ = {isa = PBXFileReference; lastKnownFileType = sourcecode.swift; path = TSMILE_AR_PluginUITests.swift; sourceTree = "<group>"; };
		8551EB012CA90C4000AF3D1F /* TSMILE_AR_PluginUITestsLaunchTests.swift */ = {isa = PBXFileReference; lastKnownFileType = sourcecode.swift; path = TSMILE_AR_PluginUITestsLaunchTests.swift; sourceTree = "<group>"; };
		8551EB0F2CA90C9B00AF3D1F /* apple.usdz */ = {isa = PBXFileReference; lastKnownFileType = file.usdz; path = apple.usdz; sourceTree = "<group>"; };
		8551EB112CA90CB900AF3D1F /* HandModel.mlmodel */ = {isa = PBXFileReference; lastKnownFileType = file.mlmodel; path = HandModel.mlmodel; sourceTree = "<group>"; };
		8551EB132CA90CCB00AF3D1F /* ya.usdz */ = {isa = PBXFileReference; lastKnownFileType = file.usdz; path = ya.usdz; sourceTree = "<group>"; };
		8551EB152CA90D7400AF3D1F /* ARViewController_video.swift */ = {isa = PBXFileReference; lastKnownFileType = sourcecode.swift; path = ARViewController_video.swift; sourceTree = "<group>"; };
		8551EB172CA9150500AF3D1F /* HandDetector.swift */ = {isa = PBXFileReference; lastKnownFileType = sourcecode.swift; path = HandDetector.swift; sourceTree = "<group>"; };
		8551EB1C2CB66D2600AF3D1F /* ARViewController_plane.swift */ = {isa = PBXFileReference; lastKnownFileType = sourcecode.swift; path = ARViewController_plane.swift; sourceTree = "<group>"; };
		8551EB1E2CBACD3F00AF3D1F /* tsmile1.usdz */ = {isa = PBXFileReference; lastKnownFileType = file.usdz; path = tsmile1.usdz; sourceTree = "<group>"; };
		85D064732CF00A8C00B8F24D /* zy1118修改.usdz */ = {isa = PBXFileReference; lastKnownFileType = file.usdz; path = "zy1118修改.usdz"; sourceTree = "<group>"; };
		85D064752CF00AA600B8F24D /* zy1118修改.scn */ = {isa = PBXFileReference; lastKnownFileType = file.bplist; path = "zy1118修改.scn"; sourceTree = "<group>"; };
		85D064782CF1FC2800B8F24D /* HarmonyOS_Sans_SC_Regular.ttf */ = {isa = PBXFileReference; lastKnownFileType = file; path = HarmonyOS_Sans_SC_Regular.ttf; sourceTree = "<group>"; };
		85D064792CF1FC2A00B8F24D /* HarmonyOS_Sans_SC_Thin.ttf */ = {isa = PBXFileReference; lastKnownFileType = file; path = HarmonyOS_Sans_SC_Thin.ttf; sourceTree = "<group>"; };
		85D0647A2CF1FC2C00B8F24D /* HarmonyOS_Sans_SC_Medium.ttf */ = {isa = PBXFileReference; lastKnownFileType = file; path = HarmonyOS_Sans_SC_Medium.ttf; sourceTree = "<group>"; };
		85D0647B2CF1FC2E00B8F24D /* HarmonyOS_Sans_SC_Black.ttf */ = {isa = PBXFileReference; lastKnownFileType = file; path = HarmonyOS_Sans_SC_Black.ttf; sourceTree = "<group>"; };
		85D0647C2CF1FC3100B8F24D /* HarmonyOS_Sans_SC_Bold.ttf */ = {isa = PBXFileReference; lastKnownFileType = file; path = HarmonyOS_Sans_SC_Bold.ttf; sourceTree = "<group>"; };
		85D0647D2CF1FC3300B8F24D /* HarmonyOS_Sans_SC_Light.ttf */ = {isa = PBXFileReference; lastKnownFileType = file; path = HarmonyOS_Sans_SC_Light.ttf; sourceTree = "<group>"; };
		85D064852CF1FC8700B8F24D /* Explode_named.scn */ = {isa = PBXFileReference; lastKnownFileType = file.bplist; path = Explode_named.scn; sourceTree = "<group>"; };
		85D064862CF1FC9300B8F24D /* 爆炸图.usdz */ = {isa = PBXFileReference; lastKnownFileType = file.usdz; path = "爆炸图.usdz"; sourceTree = "<group>"; };
		85D064872CF2058300B8F24D /* zy1118修改(1).usdz */ = {isa = PBXFileReference; lastKnownFileType = file.usdz; path = "zy1118修改(1).usdz"; sourceTree = "<group>"; };
		85D064892CF205AD00B8F24D /* video_final.scn */ = {isa = PBXFileReference; lastKnownFileType = file.bplist; path = video_final.scn; sourceTree = "<group>"; };
		85F8ACD92CE352C300C8EE06 /* 动画完整版.usdz */ = {isa = PBXFileReference; lastKnownFileType = file.usdz; path = "动画完整版.usdz"; sourceTree = "<group>"; };
		85F8ACDD2CE3570400C8EE06 /* video.scn */ = {isa = PBXFileReference; lastKnownFileType = file.bplist; path = video.scn; sourceTree = "<group>"; };
		85F8ACDF2CE9C7BF00C8EE06 /* BottomBar.swift */ = {isa = PBXFileReference; lastKnownFileType = sourcecode.swift; path = BottomBar.swift; sourceTree = "<group>"; };
		85F8ACE12CE9D15200C8EE06 /* BottomList.swift */ = {isa = PBXFileReference; lastKnownFileType = sourcecode.swift; path = BottomList.swift; sourceTree = "<group>"; };
		85F8ACE42CE9EC3700C8EE06 /* ARViewModel.swift */ = {isa = PBXFileReference; lastKnownFileType = sourcecode.swift; path = ARViewModel.swift; sourceTree = "<group>"; };
		85F8ACE62CEA16DC00C8EE06 /* BottomContainer.swift */ = {isa = PBXFileReference; lastKnownFileType = sourcecode.swift; path = BottomContainer.swift; sourceTree = "<group>"; };
		85F8ACE82CEA465900C8EE06 /* ARContainerViewController.swift */ = {isa = PBXFileReference; lastKnownFileType = sourcecode.swift; path = ARContainerViewController.swift; sourceTree = "<group>"; };
/* End PBXFileReference section */

/* Begin PBXFrameworksBuildPhase section */
		8551EAD82CA90C3E00AF3D1F /* Frameworks */ = {
			isa = PBXFrameworksBuildPhase;
			buildActionMask = 2147483647;
			files = (
			);
			runOnlyForDeploymentPostprocessing = 0;
		};
		8551EAEE2CA90C4000AF3D1F /* Frameworks */ = {
			isa = PBXFrameworksBuildPhase;
			buildActionMask = 2147483647;
			files = (
			);
			runOnlyForDeploymentPostprocessing = 0;
		};
		8551EAF82CA90C4000AF3D1F /* Frameworks */ = {
			isa = PBXFrameworksBuildPhase;
			buildActionMask = 2147483647;
			files = (
			);
			runOnlyForDeploymentPostprocessing = 0;
		};
/* End PBXFrameworksBuildPhase section */

/* Begin PBXGroup section */
		8540B6C52CDA07DB0022290C /* Components */ = {
			isa = PBXGroup;
			children = (
				8540B6C62CDA08A20022290C /* PopOver.swift */,
			);
			path = Components;
			sourceTree = "<group>";
		};
		8551EAD22CA90C3E00AF3D1F = {
			isa = PBXGroup;
			children = (
				8551EADD2CA90C3E00AF3D1F /* TSMILE_AR_Plugin */,
				8551EAF42CA90C4000AF3D1F /* TSMILE_AR_PluginTests */,
				8551EAFE2CA90C4000AF3D1F /* TSMILE_AR_PluginUITests */,
				8551EADC2CA90C3E00AF3D1F /* Products */,
			);
			sourceTree = "<group>";
		};
		8551EADC2CA90C3E00AF3D1F /* Products */ = {
			isa = PBXGroup;
			children = (
				8551EADB2CA90C3E00AF3D1F /* TSMILE_AR_Plugin.app */,
				8551EAF12CA90C4000AF3D1F /* TSMILE_AR_PluginTests.xctest */,
				8551EAFB2CA90C4000AF3D1F /* TSMILE_AR_PluginUITests.xctest */,
			);
			name = Products;
			sourceTree = "<group>";
		};
		8551EADD2CA90C3E00AF3D1F /* TSMILE_AR_Plugin */ = {
			isa = PBXGroup;
			children = (
				85F8ACE32CE9EC2100C8EE06 /* Model */,
				8540B6C52CDA07DB0022290C /* Components */,
				8551EB192CA9327F00AF3D1F /* Extension */,
				8551EB0E2CA90C7900AF3D1F /* Resources */,
				8551EADE2CA90C3E00AF3D1F /* AppDelegate.swift */,
				8551EAE02CA90C3E00AF3D1F /* SceneDelegate.swift */,
				8551EAE22CA90C3E00AF3D1F /* ViewController.swift */,
				8551EAE42CA90C3E00AF3D1F /* Main.storyboard */,
				8551EAE72CA90C4000AF3D1F /* Assets.xcassets */,
				8551EAE92CA90C4000AF3D1F /* LaunchScreen.storyboard */,
				8551EAEC2CA90C4000AF3D1F /* Info.plist */,
				8551EB152CA90D7400AF3D1F /* ARViewController_video.swift */,
				8551EB172CA9150500AF3D1F /* HandDetector.swift */,
				8551EB1C2CB66D2600AF3D1F /* ARViewController_plane.swift */,
				8540B6992CCF78070022290C /* ARViewController_SceneKit.swift */,
				8540B6B72CCFC26B0022290C /* ClickPoint.swift */,
				85F8ACDF2CE9C7BF00C8EE06 /* BottomBar.swift */,
				85F8ACE12CE9D15200C8EE06 /* BottomList.swift */,
				85F8ACE62CEA16DC00C8EE06 /* BottomContainer.swift */,
				85F8ACE82CEA465900C8EE06 /* ARContainerViewController.swift */,
			);
			path = TSMILE_AR_Plugin;
			sourceTree = "<group>";
		};
		8551EAF42CA90C4000AF3D1F /* TSMILE_AR_PluginTests */ = {
			isa = PBXGroup;
			children = (
				8551EAF52CA90C4000AF3D1F /* TSMILE_AR_PluginTests.swift */,
			);
			path = TSMILE_AR_PluginTests;
			sourceTree = "<group>";
		};
		8551EAFE2CA90C4000AF3D1F /* TSMILE_AR_PluginUITests */ = {
			isa = PBXGroup;
			children = (
				8551EAFF2CA90C4000AF3D1F /* TSMILE_AR_PluginUITests.swift */,
				8551EB012CA90C4000AF3D1F /* TSMILE_AR_PluginUITestsLaunchTests.swift */,
			);
			path = TSMILE_AR_PluginUITests;
			sourceTree = "<group>";
		};
		8551EB0E2CA90C7900AF3D1F /* Resources */ = {
			isa = PBXGroup;
			children = (
				85D064842CF1FC7600B8F24D /* Model */,
				85D064772CF1FBD700B8F24D /* Font */,
				8540B6BF2CD91F090022290C /* 爆炸图.usdz */,
				8540B6C12CD91F1F0022290C /* Explode_named.scn */,
			);
			path = Resources;
			sourceTree = "<group>";
		};
		8551EB192CA9327F00AF3D1F /* Extension */ = {
			isa = PBXGroup;
			children = (
				8540B6C32CD935A20022290C /* Color.swift */,
			);
			path = Extension;
			sourceTree = "<group>";
		};
		85D064772CF1FBD700B8F24D /* Font */ = {
			isa = PBXGroup;
			children = (
				85D0647B2CF1FC2E00B8F24D /* HarmonyOS_Sans_SC_Black.ttf */,
				85D0647C2CF1FC3100B8F24D /* HarmonyOS_Sans_SC_Bold.ttf */,
				85D0647D2CF1FC3300B8F24D /* HarmonyOS_Sans_SC_Light.ttf */,
				85D0647A2CF1FC2C00B8F24D /* HarmonyOS_Sans_SC_Medium.ttf */,
				85D064782CF1FC2800B8F24D /* HarmonyOS_Sans_SC_Regular.ttf */,
				85D064792CF1FC2A00B8F24D /* HarmonyOS_Sans_SC_Thin.ttf */,
			);
			path = Font;
			sourceTree = "<group>";
		};
		85D064842CF1FC7600B8F24D /* Model */ = {
			isa = PBXGroup;
			children = (
				85D064872CF2058300B8F24D /* zy1118修改(1).usdz */,
				85D064892CF205AD00B8F24D /* video_final.scn */,
				85D064732CF00A8C00B8F24D /* zy1118修改.usdz */,
				85D064752CF00AA600B8F24D /* zy1118修改.scn */,
				85F8ACD92CE352C300C8EE06 /* 动画完整版.usdz */,
				85F8ACDD2CE3570400C8EE06 /* video.scn */,
				85D064862CF1FC9300B8F24D /* 爆炸图.usdz */,
				85D064852CF1FC8700B8F24D /* Explode_named.scn */,
				8540B6752CCB42230022290C /* robot_walk_idle.usdz */,
				8540B6772CCB42360022290C /* robot_walk_idle.scn */,
				8540B6712CCB3CDD0022290C /* zy.usdc */,
				8540B6732CCB3D0A0022290C /* zy.scn */,
				8540B66D2CCB3B7F0022290C /* toy_biplane_idle.usdz */,
				8540B66F2CCB3B980022290C /* toy_biplane_idle.scn */,
				8551EB1E2CBACD3F00AF3D1F /* tsmile1.usdz */,
				8551EB132CA90CCB00AF3D1F /* ya.usdz */,
				8551EB112CA90CB900AF3D1F /* HandModel.mlmodel */,
				8551EB0F2CA90C9B00AF3D1F /* apple.usdz */,
			);
			path = Model;
			sourceTree = "<group>";
		};
		85F8ACE32CE9EC2100C8EE06 /* Model */ = {
			isa = PBXGroup;
			children = (
				85F8ACE42CE9EC3700C8EE06 /* ARViewModel.swift */,
			);
			path = Model;
			sourceTree = "<group>";
		};
/* End PBXGroup section */

/* Begin PBXNativeTarget section */
		8551EADA2CA90C3E00AF3D1F /* TSMILE_AR_Plugin */ = {
			isa = PBXNativeTarget;
			buildConfigurationList = 8551EB052CA90C4000AF3D1F /* Build configuration list for PBXNativeTarget "TSMILE_AR_Plugin" */;
			buildPhases = (
				8551EAD72CA90C3E00AF3D1F /* Sources */,
				8551EAD82CA90C3E00AF3D1F /* Frameworks */,
				8551EAD92CA90C3E00AF3D1F /* Resources */,
			);
			buildRules = (
			);
			dependencies = (
			);
			name = TSMILE_AR_Plugin;
			productName = TSMILE_AR_Plugin;
			productReference = 8551EADB2CA90C3E00AF3D1F /* TSMILE_AR_Plugin.app */;
			productType = "com.apple.product-type.application";
		};
		8551EAF02CA90C4000AF3D1F /* TSMILE_AR_PluginTests */ = {
			isa = PBXNativeTarget;
			buildConfigurationList = 8551EB082CA90C4000AF3D1F /* Build configuration list for PBXNativeTarget "TSMILE_AR_PluginTests" */;
			buildPhases = (
				8551EAED2CA90C4000AF3D1F /* Sources */,
				8551EAEE2CA90C4000AF3D1F /* Frameworks */,
				8551EAEF2CA90C4000AF3D1F /* Resources */,
			);
			buildRules = (
			);
			dependencies = (
				8551EAF32CA90C4000AF3D1F /* PBXTargetDependency */,
			);
			name = TSMILE_AR_PluginTests;
			productName = TSMILE_AR_PluginTests;
			productReference = 8551EAF12CA90C4000AF3D1F /* TSMILE_AR_PluginTests.xctest */;
			productType = "com.apple.product-type.bundle.unit-test";
		};
		8551EAFA2CA90C4000AF3D1F /* TSMILE_AR_PluginUITests */ = {
			isa = PBXNativeTarget;
			buildConfigurationList = 8551EB0B2CA90C4000AF3D1F /* Build configuration list for PBXNativeTarget "TSMILE_AR_PluginUITests" */;
			buildPhases = (
				8551EAF72CA90C4000AF3D1F /* Sources */,
				8551EAF82CA90C4000AF3D1F /* Frameworks */,
				8551EAF92CA90C4000AF3D1F /* Resources */,
			);
			buildRules = (
			);
			dependencies = (
				8551EAFD2CA90C4000AF3D1F /* PBXTargetDependency */,
			);
			name = TSMILE_AR_PluginUITests;
			productName = TSMILE_AR_PluginUITests;
			productReference = 8551EAFB2CA90C4000AF3D1F /* TSMILE_AR_PluginUITests.xctest */;
			productType = "com.apple.product-type.bundle.ui-testing";
		};
/* End PBXNativeTarget section */

/* Begin PBXProject section */
		8551EAD32CA90C3E00AF3D1F /* Project object */ = {
			isa = PBXProject;
			attributes = {
				BuildIndependentTargetsInParallel = 1;
				LastSwiftUpdateCheck = 1540;
				LastUpgradeCheck = 1540;
				TargetAttributes = {
					8551EADA2CA90C3E00AF3D1F = {
						CreatedOnToolsVersion = 15.4;
					};
					8551EAF02CA90C4000AF3D1F = {
						CreatedOnToolsVersion = 15.4;
						TestTargetID = 8551EADA2CA90C3E00AF3D1F;
					};
					8551EAFA2CA90C4000AF3D1F = {
						CreatedOnToolsVersion = 15.4;
						TestTargetID = 8551EADA2CA90C3E00AF3D1F;
					};
				};
			};
			buildConfigurationList = 8551EAD62CA90C3E00AF3D1F /* Build configuration list for PBXProject "TSMILE_AR_Plugin" */;
			compatibilityVersion = "Xcode 14.0";
			developmentRegion = en;
			hasScannedForEncodings = 0;
			knownRegions = (
				en,
				Base,
			);
			mainGroup = 8551EAD22CA90C3E00AF3D1F;
			productRefGroup = 8551EADC2CA90C3E00AF3D1F /* Products */;
			projectDirPath = "";
			projectRoot = "";
			targets = (
				8551EADA2CA90C3E00AF3D1F /* TSMILE_AR_Plugin */,
				8551EAF02CA90C4000AF3D1F /* TSMILE_AR_PluginTests */,
				8551EAFA2CA90C4000AF3D1F /* TSMILE_AR_PluginUITests */,
			);
		};
/* End PBXProject section */

/* Begin PBXResourcesBuildPhase section */
		8551EAD92CA90C3E00AF3D1F /* Resources */ = {
			isa = PBXResourcesBuildPhase;
			buildActionMask = 2147483647;
			files = (
				8551EB102CA90C9B00AF3D1F /* apple.usdz in Resources */,
				8540B6702CCB3B980022290C /* toy_biplane_idle.scn in Resources */,
				85D064812CF1FC3300B8F24D /* HarmonyOS_Sans_SC_Black.ttf in Resources */,
				8551EAE82CA90C4000AF3D1F /* Assets.xcassets in Resources */,
				8540B6762CCB42230022290C /* robot_walk_idle.usdz in Resources */,
				85D064822CF1FC3300B8F24D /* HarmonyOS_Sans_SC_Bold.ttf in Resources */,
				8551EAEB2CA90C4000AF3D1F /* Base in Resources */,
				8540B66E2CCB3B7F0022290C /* toy_biplane_idle.usdz in Resources */,
				8540B6742CCB3D0A0022290C /* zy.scn in Resources */,
				8540B6C02CD91F090022290C /* 爆炸图.usdz in Resources */,
				85D064882CF2058300B8F24D /* zy1118修改(1).usdz in Resources */,
				8540B6C22CD91F1F0022290C /* Explode_named.scn in Resources */,
				8551EB1F2CBACD3F00AF3D1F /* tsmile1.usdz in Resources */,
				85D0648A2CF205AD00B8F24D /* video_final.scn in Resources */,
				8540B6722CCB3CDD0022290C /* zy.usdc in Resources */,
				85D064762CF00AA600B8F24D /* zy1118修改.scn in Resources */,
				85D064742CF00A8C00B8F24D /* zy1118修改.usdz in Resources */,
				85D064832CF1FC3300B8F24D /* HarmonyOS_Sans_SC_Light.ttf in Resources */,
				85D0647F2CF1FC3300B8F24D /* HarmonyOS_Sans_SC_Thin.ttf in Resources */,
				85D0647E2CF1FC3300B8F24D /* HarmonyOS_Sans_SC_Regular.ttf in Resources */,
				8551EB142CA90CCB00AF3D1F /* ya.usdz in Resources */,
				85F8ACDE2CE3570400C8EE06 /* video.scn in Resources */,
				8540B6782CCB42360022290C /* robot_walk_idle.scn in Resources */,
				85F8ACDA2CE352C300C8EE06 /* 动画完整版.usdz in Resources */,
				8551EAE62CA90C3E00AF3D1F /* Base in Resources */,
				85D064802CF1FC3300B8F24D /* HarmonyOS_Sans_SC_Medium.ttf in Resources */,
			);
			runOnlyForDeploymentPostprocessing = 0;
		};
		8551EAEF2CA90C4000AF3D1F /* Resources */ = {
			isa = PBXResourcesBuildPhase;
			buildActionMask = 2147483647;
			files = (
			);
			runOnlyForDeploymentPostprocessing = 0;
		};
		8551EAF92CA90C4000AF3D1F /* Resources */ = {
			isa = PBXResourcesBuildPhase;
			buildActionMask = 2147483647;
			files = (
			);
			runOnlyForDeploymentPostprocessing = 0;
		};
/* End PBXResourcesBuildPhase section */

/* Begin PBXSourcesBuildPhase section */
		8551EAD72CA90C3E00AF3D1F /* Sources */ = {
			isa = PBXSourcesBuildPhase;
			buildActionMask = 2147483647;
			files = (
				8540B6C72CDA08A20022290C /* PopOver.swift in Sources */,
				8551EB1D2CB66D2600AF3D1F /* ARViewController_plane.swift in Sources */,
				85F8ACE02CE9C7BF00C8EE06 /* BottomBar.swift in Sources */,
				8540B6B82CCFC26B0022290C /* ClickPoint.swift in Sources */,
				8551EAE32CA90C3E00AF3D1F /* ViewController.swift in Sources */,
				8540B6C42CD935A20022290C /* Color.swift in Sources */,
				8551EB122CA90CB900AF3D1F /* HandModel.mlmodel in Sources */,
				85F8ACE52CE9EC3700C8EE06 /* ARViewModel.swift in Sources */,
				8551EADF2CA90C3E00AF3D1F /* AppDelegate.swift in Sources */,
				8551EAE12CA90C3E00AF3D1F /* SceneDelegate.swift in Sources */,
				8551EB182CA9150500AF3D1F /* HandDetector.swift in Sources */,
				8551EB162CA90D7400AF3D1F /* ARViewController_video.swift in Sources */,
				85F8ACE72CEA16DC00C8EE06 /* BottomContainer.swift in Sources */,
				8540B69A2CCF78070022290C /* ARViewController_SceneKit.swift in Sources */,
				85F8ACE22CE9D15200C8EE06 /* BottomList.swift in Sources */,
				85F8ACE92CEA465900C8EE06 /* ARContainerViewController.swift in Sources */,
			);
			runOnlyForDeploymentPostprocessing = 0;
		};
		8551EAED2CA90C4000AF3D1F /* Sources */ = {
			isa = PBXSourcesBuildPhase;
			buildActionMask = 2147483647;
			files = (
				8551EAF62CA90C4000AF3D1F /* TSMILE_AR_PluginTests.swift in Sources */,
			);
			runOnlyForDeploymentPostprocessing = 0;
		};
		8551EAF72CA90C4000AF3D1F /* Sources */ = {
			isa = PBXSourcesBuildPhase;
			buildActionMask = 2147483647;
			files = (
				8551EB022CA90C4000AF3D1F /* TSMILE_AR_PluginUITestsLaunchTests.swift in Sources */,
				8551EB002CA90C4000AF3D1F /* TSMILE_AR_PluginUITests.swift in Sources */,
			);
			runOnlyForDeploymentPostprocessing = 0;
		};
/* End PBXSourcesBuildPhase section */

/* Begin PBXTargetDependency section */
		8551EAF32CA90C4000AF3D1F /* PBXTargetDependency */ = {
			isa = PBXTargetDependency;
			target = 8551EADA2CA90C3E00AF3D1F /* TSMILE_AR_Plugin */;
			targetProxy = 8551EAF22CA90C4000AF3D1F /* PBXContainerItemProxy */;
		};
		8551EAFD2CA90C4000AF3D1F /* PBXTargetDependency */ = {
			isa = PBXTargetDependency;
			target = 8551EADA2CA90C3E00AF3D1F /* TSMILE_AR_Plugin */;
			targetProxy = 8551EAFC2CA90C4000AF3D1F /* PBXContainerItemProxy */;
		};
/* End PBXTargetDependency section */

/* Begin PBXVariantGroup section */
		8551EAE42CA90C3E00AF3D1F /* Main.storyboard */ = {
			isa = PBXVariantGroup;
			children = (
				8551EAE52CA90C3E00AF3D1F /* Base */,
			);
			name = Main.storyboard;
			sourceTree = "<group>";
		};
		8551EAE92CA90C4000AF3D1F /* LaunchScreen.storyboard */ = {
			isa = PBXVariantGroup;
			children = (
				8551EAEA2CA90C4000AF3D1F /* Base */,
			);
			name = LaunchScreen.storyboard;
			sourceTree = "<group>";
		};
/* End PBXVariantGroup section */

/* Begin XCBuildConfiguration section */
		8551EB032CA90C4000AF3D1F /* Debug */ = {
			isa = XCBuildConfiguration;
			buildSettings = {
				ALWAYS_SEARCH_USER_PATHS = NO;
				ASSETCATALOG_COMPILER_GENERATE_SWIFT_ASSET_SYMBOL_EXTENSIONS = YES;
				CLANG_ANALYZER_NONNULL = YES;
				CLANG_ANALYZER_NUMBER_OBJECT_CONVERSION = YES_AGGRESSIVE;
				CLANG_CXX_LANGUAGE_STANDARD = "gnu++20";
				CLANG_ENABLE_MODULES = YES;
				CLANG_ENABLE_OBJC_ARC = YES;
				CLANG_ENABLE_OBJC_WEAK = YES;
				CLANG_WARN_BLOCK_CAPTURE_AUTORELEASING = YES;
				CLANG_WARN_BOOL_CONVERSION = YES;
				CLANG_WARN_COMMA = YES;
				CLANG_WARN_CONSTANT_CONVERSION = YES;
				CLANG_WARN_DEPRECATED_OBJC_IMPLEMENTATIONS = YES;
				CLANG_WARN_DIRECT_OBJC_ISA_USAGE = YES_ERROR;
				CLANG_WARN_DOCUMENTATION_COMMENTS = YES;
				CLANG_WARN_EMPTY_BODY = YES;
				CLANG_WARN_ENUM_CONVERSION = YES;
				CLANG_WARN_INFINITE_RECURSION = YES;
				CLANG_WARN_INT_CONVERSION = YES;
				CLANG_WARN_NON_LITERAL_NULL_CONVERSION = YES;
				CLANG_WARN_OBJC_IMPLICIT_RETAIN_SELF = YES;
				CLANG_WARN_OBJC_LITERAL_CONVERSION = YES;
				CLANG_WARN_OBJC_ROOT_CLASS = YES_ERROR;
				CLANG_WARN_QUOTED_INCLUDE_IN_FRAMEWORK_HEADER = YES;
				CLANG_WARN_RANGE_LOOP_ANALYSIS = YES;
				CLANG_WARN_STRICT_PROTOTYPES = YES;
				CLANG_WARN_SUSPICIOUS_MOVE = YES;
				CLANG_WARN_UNGUARDED_AVAILABILITY = YES_AGGRESSIVE;
				CLANG_WARN_UNREACHABLE_CODE = YES;
				CLANG_WARN__DUPLICATE_METHOD_MATCH = YES;
				COPY_PHASE_STRIP = NO;
				DEBUG_INFORMATION_FORMAT = dwarf;
				ENABLE_STRICT_OBJC_MSGSEND = YES;
				ENABLE_TESTABILITY = YES;
				ENABLE_USER_SCRIPT_SANDBOXING = YES;
				GCC_C_LANGUAGE_STANDARD = gnu17;
				GCC_DYNAMIC_NO_PIC = NO;
				GCC_NO_COMMON_BLOCKS = YES;
				GCC_OPTIMIZATION_LEVEL = 0;
				GCC_PREPROCESSOR_DEFINITIONS = (
					"DEBUG=1",
					"$(inherited)",
				);
				GCC_WARN_64_TO_32_BIT_CONVERSION = YES;
				GCC_WARN_ABOUT_RETURN_TYPE = YES_ERROR;
				GCC_WARN_UNDECLARED_SELECTOR = YES;
				GCC_WARN_UNINITIALIZED_AUTOS = YES_AGGRESSIVE;
				GCC_WARN_UNUSED_FUNCTION = YES;
				GCC_WARN_UNUSED_VARIABLE = YES;
				IPHONEOS_DEPLOYMENT_TARGET = 17.5;
				LOCALIZATION_PREFERS_STRING_CATALOGS = YES;
				MTL_ENABLE_DEBUG_INFO = INCLUDE_SOURCE;
				MTL_FAST_MATH = YES;
				ONLY_ACTIVE_ARCH = YES;
				SDKROOT = iphoneos;
				SWIFT_ACTIVE_COMPILATION_CONDITIONS = "DEBUG $(inherited)";
				SWIFT_OPTIMIZATION_LEVEL = "-Onone";
			};
			name = Debug;
		};
		8551EB042CA90C4000AF3D1F /* Release */ = {
			isa = XCBuildConfiguration;
			buildSettings = {
				ALWAYS_SEARCH_USER_PATHS = NO;
				ASSETCATALOG_COMPILER_GENERATE_SWIFT_ASSET_SYMBOL_EXTENSIONS = YES;
				CLANG_ANALYZER_NONNULL = YES;
				CLANG_ANALYZER_NUMBER_OBJECT_CONVERSION = YES_AGGRESSIVE;
				CLANG_CXX_LANGUAGE_STANDARD = "gnu++20";
				CLANG_ENABLE_MODULES = YES;
				CLANG_ENABLE_OBJC_ARC = YES;
				CLANG_ENABLE_OBJC_WEAK = YES;
				CLANG_WARN_BLOCK_CAPTURE_AUTORELEASING = YES;
				CLANG_WARN_BOOL_CONVERSION = YES;
				CLANG_WARN_COMMA = YES;
				CLANG_WARN_CONSTANT_CONVERSION = YES;
				CLANG_WARN_DEPRECATED_OBJC_IMPLEMENTATIONS = YES;
				CLANG_WARN_DIRECT_OBJC_ISA_USAGE = YES_ERROR;
				CLANG_WARN_DOCUMENTATION_COMMENTS = YES;
				CLANG_WARN_EMPTY_BODY = YES;
				CLANG_WARN_ENUM_CONVERSION = YES;
				CLANG_WARN_INFINITE_RECURSION = YES;
				CLANG_WARN_INT_CONVERSION = YES;
				CLANG_WARN_NON_LITERAL_NULL_CONVERSION = YES;
				CLANG_WARN_OBJC_IMPLICIT_RETAIN_SELF = YES;
				CLANG_WARN_OBJC_LITERAL_CONVERSION = YES;
				CLANG_WARN_OBJC_ROOT_CLASS = YES_ERROR;
				CLANG_WARN_QUOTED_INCLUDE_IN_FRAMEWORK_HEADER = YES;
				CLANG_WARN_RANGE_LOOP_ANALYSIS = YES;
				CLANG_WARN_STRICT_PROTOTYPES = YES;
				CLANG_WARN_SUSPICIOUS_MOVE = YES;
				CLANG_WARN_UNGUARDED_AVAILABILITY = YES_AGGRESSIVE;
				CLANG_WARN_UNREACHABLE_CODE = YES;
				CLANG_WARN__DUPLICATE_METHOD_MATCH = YES;
				COPY_PHASE_STRIP = NO;
				DEBUG_INFORMATION_FORMAT = "dwarf-with-dsym";
				ENABLE_NS_ASSERTIONS = NO;
				ENABLE_STRICT_OBJC_MSGSEND = YES;
				ENABLE_USER_SCRIPT_SANDBOXING = YES;
				GCC_C_LANGUAGE_STANDARD = gnu17;
				GCC_NO_COMMON_BLOCKS = YES;
				GCC_WARN_64_TO_32_BIT_CONVERSION = YES;
				GCC_WARN_ABOUT_RETURN_TYPE = YES_ERROR;
				GCC_WARN_UNDECLARED_SELECTOR = YES;
				GCC_WARN_UNINITIALIZED_AUTOS = YES_AGGRESSIVE;
				GCC_WARN_UNUSED_FUNCTION = YES;
				GCC_WARN_UNUSED_VARIABLE = YES;
				IPHONEOS_DEPLOYMENT_TARGET = 17.5;
				LOCALIZATION_PREFERS_STRING_CATALOGS = YES;
				MTL_ENABLE_DEBUG_INFO = NO;
				MTL_FAST_MATH = YES;
				SDKROOT = iphoneos;
				SWIFT_COMPILATION_MODE = wholemodule;
				VALIDATE_PRODUCT = YES;
			};
			name = Release;
		};
		8551EB062CA90C4000AF3D1F /* Debug */ = {
			isa = XCBuildConfiguration;
			buildSettings = {
				ASSETCATALOG_COMPILER_APPICON_NAME = AppIcon;
				ASSETCATALOG_COMPILER_GLOBAL_ACCENT_COLOR_NAME = AccentColor;
				CODE_SIGN_STYLE = Automatic;
				CURRENT_PROJECT_VERSION = 1;
				DEVELOPMENT_TEAM = 888L2DX93P;
				GENERATE_INFOPLIST_FILE = YES;
				INFOPLIST_FILE = TSMILE_AR_Plugin/Info.plist;
				INFOPLIST_KEY_UIApplicationSupportsIndirectInputEvents = YES;
				INFOPLIST_KEY_UILaunchStoryboardName = LaunchScreen;
				INFOPLIST_KEY_UIMainStoryboardFile = Main;
				INFOPLIST_KEY_UISupportedInterfaceOrientations_iPad = "UIInterfaceOrientationPortrait UIInterfaceOrientationPortraitUpsideDown UIInterfaceOrientationLandscapeLeft UIInterfaceOrientationLandscapeRight";
				INFOPLIST_KEY_UISupportedInterfaceOrientations_iPhone = "UIInterfaceOrientationPortrait UIInterfaceOrientationLandscapeLeft UIInterfaceOrientationLandscapeRight";
				IPHONEOS_DEPLOYMENT_TARGET = 17.0;
				LD_RUNPATH_SEARCH_PATHS = (
					"$(inherited)",
					"@executable_path/Frameworks",
				);
				MARKETING_VERSION = 1.0;
				PRODUCT_BUNDLE_IDENTIFIER = "Beihang.TSMILE-AR-Plugin";
				PRODUCT_NAME = "$(TARGET_NAME)";
				SWIFT_EMIT_LOC_STRINGS = YES;
				SWIFT_VERSION = 5.0;
				TARGETED_DEVICE_FAMILY = "1,2";
			};
			name = Debug;
		};
		8551EB072CA90C4000AF3D1F /* Release */ = {
			isa = XCBuildConfiguration;
			buildSettings = {
				ASSETCATALOG_COMPILER_APPICON_NAME = AppIcon;
				ASSETCATALOG_COMPILER_GLOBAL_ACCENT_COLOR_NAME = AccentColor;
				CODE_SIGN_STYLE = Automatic;
				CURRENT_PROJECT_VERSION = 1;
				DEVELOPMENT_TEAM = 888L2DX93P;
				GENERATE_INFOPLIST_FILE = YES;
				INFOPLIST_FILE = TSMILE_AR_Plugin/Info.plist;
				INFOPLIST_KEY_UIApplicationSupportsIndirectInputEvents = YES;
				INFOPLIST_KEY_UILaunchStoryboardName = LaunchScreen;
				INFOPLIST_KEY_UIMainStoryboardFile = Main;
				INFOPLIST_KEY_UISupportedInterfaceOrientations_iPad = "UIInterfaceOrientationPortrait UIInterfaceOrientationPortraitUpsideDown UIInterfaceOrientationLandscapeLeft UIInterfaceOrientationLandscapeRight";
				INFOPLIST_KEY_UISupportedInterfaceOrientations_iPhone = "UIInterfaceOrientationPortrait UIInterfaceOrientationLandscapeLeft UIInterfaceOrientationLandscapeRight";
				IPHONEOS_DEPLOYMENT_TARGET = 17.0;
				LD_RUNPATH_SEARCH_PATHS = (
					"$(inherited)",
					"@executable_path/Frameworks",
				);
				MARKETING_VERSION = 1.0;
				PRODUCT_BUNDLE_IDENTIFIER = "Beihang.TSMILE-AR-Plugin";
				PRODUCT_NAME = "$(TARGET_NAME)";
				SWIFT_EMIT_LOC_STRINGS = YES;
				SWIFT_VERSION = 5.0;
				TARGETED_DEVICE_FAMILY = "1,2";
			};
			name = Release;
		};
		8551EB092CA90C4000AF3D1F /* Debug */ = {
			isa = XCBuildConfiguration;
			buildSettings = {
				ALWAYS_EMBED_SWIFT_STANDARD_LIBRARIES = YES;
				BUNDLE_LOADER = "$(TEST_HOST)";
				CODE_SIGN_STYLE = Automatic;
				CURRENT_PROJECT_VERSION = 1;
				DEVELOPMENT_TEAM = 888L2DX93P;
				GENERATE_INFOPLIST_FILE = YES;
				IPHONEOS_DEPLOYMENT_TARGET = 17.5;
				MARKETING_VERSION = 1.0;
				PRODUCT_BUNDLE_IDENTIFIER = "Beihang.TSMILE-AR-PluginTests";
				PRODUCT_NAME = "$(TARGET_NAME)";
				SWIFT_EMIT_LOC_STRINGS = NO;
				SWIFT_VERSION = 5.0;
				TARGETED_DEVICE_FAMILY = "1,2";
				TEST_HOST = "$(BUILT_PRODUCTS_DIR)/TSMILE_AR_Plugin.app/$(BUNDLE_EXECUTABLE_FOLDER_PATH)/TSMILE_AR_Plugin";
			};
			name = Debug;
		};
		8551EB0A2CA90C4000AF3D1F /* Release */ = {
			isa = XCBuildConfiguration;
			buildSettings = {
				ALWAYS_EMBED_SWIFT_STANDARD_LIBRARIES = YES;
				BUNDLE_LOADER = "$(TEST_HOST)";
				CODE_SIGN_STYLE = Automatic;
				CURRENT_PROJECT_VERSION = 1;
				DEVELOPMENT_TEAM = 888L2DX93P;
				GENERATE_INFOPLIST_FILE = YES;
				IPHONEOS_DEPLOYMENT_TARGET = 17.5;
				MARKETING_VERSION = 1.0;
				PRODUCT_BUNDLE_IDENTIFIER = "Beihang.TSMILE-AR-PluginTests";
				PRODUCT_NAME = "$(TARGET_NAME)";
				SWIFT_EMIT_LOC_STRINGS = NO;
				SWIFT_VERSION = 5.0;
				TARGETED_DEVICE_FAMILY = "1,2";
				TEST_HOST = "$(BUILT_PRODUCTS_DIR)/TSMILE_AR_Plugin.app/$(BUNDLE_EXECUTABLE_FOLDER_PATH)/TSMILE_AR_Plugin";
			};
			name = Release;
		};
		8551EB0C2CA90C4000AF3D1F /* Debug */ = {
			isa = XCBuildConfiguration;
			buildSettings = {
				ALWAYS_EMBED_SWIFT_STANDARD_LIBRARIES = YES;
				CODE_SIGN_STYLE = Automatic;
				CURRENT_PROJECT_VERSION = 1;
				DEVELOPMENT_TEAM = 888L2DX93P;
				GENERATE_INFOPLIST_FILE = YES;
				MARKETING_VERSION = 1.0;
				PRODUCT_BUNDLE_IDENTIFIER = "Beihang.TSMILE-AR-PluginUITests";
				PRODUCT_NAME = "$(TARGET_NAME)";
				SWIFT_EMIT_LOC_STRINGS = NO;
				SWIFT_VERSION = 5.0;
				TARGETED_DEVICE_FAMILY = "1,2";
				TEST_TARGET_NAME = TSMILE_AR_Plugin;
			};
			name = Debug;
		};
		8551EB0D2CA90C4000AF3D1F /* Release */ = {
			isa = XCBuildConfiguration;
			buildSettings = {
				ALWAYS_EMBED_SWIFT_STANDARD_LIBRARIES = YES;
				CODE_SIGN_STYLE = Automatic;
				CURRENT_PROJECT_VERSION = 1;
				DEVELOPMENT_TEAM = 888L2DX93P;
				GENERATE_INFOPLIST_FILE = YES;
				MARKETING_VERSION = 1.0;
				PRODUCT_BUNDLE_IDENTIFIER = "Beihang.TSMILE-AR-PluginUITests";
				PRODUCT_NAME = "$(TARGET_NAME)";
				SWIFT_EMIT_LOC_STRINGS = NO;
				SWIFT_VERSION = 5.0;
				TARGETED_DEVICE_FAMILY = "1,2";
				TEST_TARGET_NAME = TSMILE_AR_Plugin;
			};
			name = Release;
		};
/* End XCBuildConfiguration section */

/* Begin XCConfigurationList section */
		8551EAD62CA90C3E00AF3D1F /* Build configuration list for PBXProject "TSMILE_AR_Plugin" */ = {
			isa = XCConfigurationList;
			buildConfigurations = (
				8551EB032CA90C4000AF3D1F /* Debug */,
				8551EB042CA90C4000AF3D1F /* Release */,
			);
			defaultConfigurationIsVisible = 0;
			defaultConfigurationName = Release;
		};
		8551EB052CA90C4000AF3D1F /* Build configuration list for PBXNativeTarget "TSMILE_AR_Plugin" */ = {
			isa = XCConfigurationList;
			buildConfigurations = (
				8551EB062CA90C4000AF3D1F /* Debug */,
				8551EB072CA90C4000AF3D1F /* Release */,
			);
			defaultConfigurationIsVisible = 0;
			defaultConfigurationName = Release;
		};
		8551EB082CA90C4000AF3D1F /* Build configuration list for PBXNativeTarget "TSMILE_AR_PluginTests" */ = {
			isa = XCConfigurationList;
			buildConfigurations = (
				8551EB092CA90C4000AF3D1F /* Debug */,
				8551EB0A2CA90C4000AF3D1F /* Release */,
			);
			defaultConfigurationIsVisible = 0;
			defaultConfigurationName = Release;
		};
		8551EB0B2CA90C4000AF3D1F /* Build configuration list for PBXNativeTarget "TSMILE_AR_PluginUITests" */ = {
			isa = XCConfigurationList;
			buildConfigurations = (
				8551EB0C2CA90C4000AF3D1F /* Debug */,
				8551EB0D2CA90C4000AF3D1F /* Release */,
			);
			defaultConfigurationIsVisible = 0;
			defaultConfigurationName = Release;
		};
/* End XCConfigurationList section */
	};
	rootObject = 8551EAD32CA90C3E00AF3D1F /* Project object */;
}
